// !$*UTF8*$!
{
	archiveVersion = 1;
	classes = {
	};
	objectVersion = 50;
	objects = {

/* Begin PBXBuildFile section */
		8FDCC9442232B46600026211 /* AppDelegate.swift in Sources */ = {isa = PBXBuildFile; fileRef = 8FDCC9432232B46600026211 /* AppDelegate.swift */; };
		8FDCC9462232B46600026211 /* ViewController.swift in Sources */ = {isa = PBXBuildFile; fileRef = 8FDCC9452232B46600026211 /* ViewController.swift */; };
		8FDCC9492232B46600026211 /* Main.storyboard in Resources */ = {isa = PBXBuildFile; fileRef = 8FDCC9472232B46600026211 /* Main.storyboard */; };
		8FDCC94B2232B46700026211 /* Assets.xcassets in Resources */ = {isa = PBXBuildFile; fileRef = 8FDCC94A2232B46700026211 /* Assets.xcassets */; };
		8FDCC94E2232B46700026211 /* LaunchScreen.storyboard in Resources */ = {isa = PBXBuildFile; fileRef = 8FDCC94C2232B46700026211 /* LaunchScreen.storyboard */; };
		8FDCC9562232B6F400026211 /* TimerTestViewController.swift in Sources */ = {isa = PBXBuildFile; fileRef = 8FDCC9552232B6F400026211 /* TimerTestViewController.swift */; };
		8FDCC9582232C24A00026211 /* ZJTimer.swift in Sources */ = {isa = PBXBuildFile; fileRef = 8FDCC9572232C24A00026211 /* ZJTimer.swift */; };
/* End PBXBuildFile section */

/* Begin PBXFileReference section */
		8FDCC9402232B46600026211 /* ZJTimerDemo.app */ = {isa = PBXFileReference; explicitFileType = wrapper.application; includeInIndex = 0; path = ZJTimerDemo.app; sourceTree = BUILT_PRODUCTS_DIR; };
		8FDCC9432232B46600026211 /* AppDelegate.swift */ = {isa = PBXFileReference; lastKnownFileType = sourcecode.swift; path = AppDelegate.swift; sourceTree = "<group>"; };
		8FDCC9452232B46600026211 /* ViewController.swift */ = {isa = PBXFileReference; lastKnownFileType = sourcecode.swift; path = ViewController.swift; sourceTree = "<group>"; };
		8FDCC9482232B46600026211 /* Base */ = {isa = PBXFileReference; lastKnownFileType = file.storyboard; name = Base; path = Base.lproj/Main.storyboard; sourceTree = "<group>"; };
		8FDCC94A2232B46700026211 /* Assets.xcassets */ = {isa = PBXFileReference; lastKnownFileType = folder.assetcatalog; path = Assets.xcassets; sourceTree = "<group>"; };
		8FDCC94D2232B46700026211 /* Base */ = {isa = PBXFileReference; lastKnownFileType = file.storyboard; name = Base; path = Base.lproj/LaunchScreen.storyboard; sourceTree = "<group>"; };
		8FDCC94F2232B46700026211 /* Info.plist */ = {isa = PBXFileReference; lastKnownFileType = text.plist.xml; path = Info.plist; sourceTree = "<group>"; };
		8FDCC9552232B6F400026211 /* TimerTestViewController.swift */ = {isa = PBXFileReference; lastKnownFileType = sourcecode.swift; path = TimerTestViewController.swift; sourceTree = "<group>"; };
		8FDCC9572232C24A00026211 /* ZJTimer.swift */ = {isa = PBXFileReference; lastKnownFileType = sourcecode.swift; path = ZJTimer.swift; sourceTree = "<group>"; };
/* End PBXFileReference section */

/* Begin PBXFrameworksBuildPhase section */
		8FDCC93D2232B46600026211 /* Frameworks */ = {
			isa = PBXFrameworksBuildPhase;
			buildActionMask = 2147483647;
			files = (
			);
			runOnlyForDeploymentPostprocessing = 0;
		};
/* End PBXFrameworksBuildPhase section */

/* Begin PBXGroup section */
		8FDCC9372232B46600026211 = {
			isa = PBXGroup;
			children = (
				8FDCC9422232B46600026211 /* ZJTimerDemo */,
				8FDCC9412232B46600026211 /* Products */,
			);
			sourceTree = "<group>";
		};
		8FDCC9412232B46600026211 /* Products */ = {
			isa = PBXGroup;
			children = (
				8FDCC9402232B46600026211 /* ZJTimerDemo.app */,
			);
			name = Products;
			sourceTree = "<group>";
		};
		8FDCC9422232B46600026211 /* ZJTimerDemo */ = {
			isa = PBXGroup;
			children = (
				8FDCC9432232B46600026211 /* AppDelegate.swift */,
				8FDCC9452232B46600026211 /* ViewController.swift */,
				8FDCC9552232B6F400026211 /* TimerTestViewController.swift */,
				8FDCC9572232C24A00026211 /* ZJTimer.swift */,
				8FDCC9472232B46600026211 /* Main.storyboard */,
				8FDCC94A2232B46700026211 /* Assets.xcassets */,
				8FDCC94C2232B46700026211 /* LaunchScreen.storyboard */,
				8FDCC94F2232B46700026211 /* Info.plist */,
			);
			path = ZJTimerDemo;
			sourceTree = "<group>";
		};
/* End PBXGroup section */

/* Begin PBXNativeTarget section */
		8FDCC93F2232B46600026211 /* ZJTimerDemo */ = {
			isa = PBXNativeTarget;
			buildConfigurationList = 8FDCC9522232B46700026211 /* Build configuration list for PBXNativeTarget "ZJTimerDemo" */;
			buildPhases = (
				8FDCC93C2232B46600026211 /* Sources */,
				8FDCC93D2232B46600026211 /* Frameworks */,
				8FDCC93E2232B46600026211 /* Resources */,
			);
			buildRules = (
			);
			dependencies = (
			);
			name = ZJTimerDemo;
			productName = ZJTimerDemo;
			productReference = 8FDCC9402232B46600026211 /* ZJTimerDemo.app */;
			productType = "com.apple.product-type.application";
		};
/* End PBXNativeTarget section */

/* Begin PBXProject section */
		8FDCC9382232B46600026211 /* Project object */ = {
			isa = PBXProject;
			attributes = {
				LastSwiftUpdateCheck = 1010;
				LastUpgradeCheck = 1010;
				ORGANIZATIONNAME = Javen;
				TargetAttributes = {
					8FDCC93F2232B46600026211 = {
						CreatedOnToolsVersion = 10.1;
					};
				};
			};
			buildConfigurationList = 8FDCC93B2232B46600026211 /* Build configuration list for PBXProject "ZJTimerDemo" */;
			compatibilityVersion = "Xcode 9.3";
			developmentRegion = en;
			hasScannedForEncodings = 0;
			knownRegions = (
				en,
				Base,
			);
			mainGroup = 8FDCC9372232B46600026211;
			productRefGroup = 8FDCC9412232B46600026211 /* Products */;
			projectDirPath = "";
			projectRoot = "";
			targets = (
				8FDCC93F2232B46600026211 /* ZJTimerDemo */,
			);
		};
/* End PBXProject section */

/* Begin PBXResourcesBuildPhase section */
		8FDCC93E2232B46600026211 /* Resources */ = {
			isa = PBXResourcesBuildPhase;
			buildActionMask = 2147483647;
			files = (
				8FDCC94E2232B46700026211 /* LaunchScreen.storyboard in Resources */,
				8FDCC94B2232B46700026211 /* Assets.xcassets in Resources */,
				8FDCC9492232B46600026211 /* Main.storyboard in Resources */,
			);
			runOnlyForDeploymentPostprocessing = 0;
		};
/* End PBXResourcesBuildPhase section */

/* Begin PBXSourcesBuildPhase section */
		8FDCC93C2232B46600026211 /* Sources */ = {
			isa = PBXSourcesBuildPhase;
			buildActionMask = 2147483647;
			files = (
				8FDCC9562232B6F400026211 /* TimerTestViewController.swift in Sources */,
				8FDCC9582232C24A00026211 /* ZJTimer.swift in Sources */,
				8FDCC9462232B46600026211 /* ViewController.swift in Sources */,
				8FDCC9442232B46600026211 /* AppDelegate.swift in Sources */,
			);
			runOnlyForDeploymentPostprocessing = 0;
		};
/* End PBXSourcesBuildPhase section */

/* Begin PBXVariantGroup section */
		8FDCC9472232B46600026211 /* Main.storyboard */ = {
			isa = PBXVariantGroup;
			children = (
				8FDCC9482232B46600026211 /* Base */,
			);
			name = Main.storyboard;
			sourceTree = "<group>";
		};
		8FDCC94C2232B46700026211 /* LaunchScreen.storyboard */ = {
			isa = PBXVariantGroup;
			children = (
				8FDCC94D2232B46700026211 /* Base */,
			);
			name = LaunchScreen.storyboard;
			sourceTree = "<group>";
		};
/* End PBXVariantGroup section */

/* Begin XCBuildConfiguration section */
		8FDCC9502232B46700026211 /* Debug */ = {
			isa = XCBuildConfiguration;
			buildSettings = {
				ALWAYS_SEARCH_USER_PATHS = NO;
				CLANG_ANALYZER_NONNULL = YES;
				CLANG_ANALYZER_NUMBER_OBJECT_CONVERSION = YES_AGGRESSIVE;
				CLANG_CXX_LANGUAGE_STANDARD = "gnu++14";
				CLANG_CXX_LIBRARY = "libc++";
				CLANG_ENABLE_MODULES = YES;
				CLANG_ENABLE_OBJC_ARC = YES;
				CLANG_ENABLE_OBJC_WEAK = YES;
				CLANG_WARN_BLOCK_CAPTURE_AUTORELEASING = YES;
				CLANG_WARN_BOOL_CONVERSION = YES;
				CLANG_WARN_COMMA = YES;
				CLANG_WARN_CONSTANT_CONVERSION = YES;
				CLANG_WARN_DEPRECATED_OBJC_IMPLEMENTATIONS = YES;
				CLANG_WARN_DIRECT_OBJC_ISA_USAGE = YES_ERROR;
				CLANG_WARN_DOCUMENTATION_COMMENTS = YES;
				CLANG_WARN_EMPTY_BODY = YES;
				CLANG_WARN_ENUM_CONVERSION = YES;
				CLANG_WARN_INFINITE_RECURSION = YES;
				CLANG_WARN_INT_CONVERSION = YES;
				CLANG_WARN_NON_LITERAL_NULL_CONVERSION = YES;
				CLANG_WARN_OBJC_IMPLICIT_RETAIN_SELF = YES;
				CLANG_WARN_OBJC_LITERAL_CONVERSION = YES;
				CLANG_WARN_OBJC_ROOT_CLASS = YES_ERROR;
				CLANG_WARN_RANGE_LOOP_ANALYSIS = YES;
				CLANG_WARN_STRICT_PROTOTYPES = YES;
				CLANG_WARN_SUSPICIOUS_MOVE = YES;
				CLANG_WARN_UNGUARDED_AVAILABILITY = YES_AGGRESSIVE;
				CLANG_WARN_UNREACHABLE_CODE = YES;
				CLANG_WARN__DUPLICATE_METHOD_MATCH = YES;
				CODE_SIGN_IDENTITY = "iPhone Developer";
				COPY_PHASE_STRIP = NO;
				DEBUG_INFORMATION_FORMAT = dwarf;
				ENABLE_STRICT_OBJC_MSGSEND = YES;
				ENABLE_TESTABILITY = YES;
				GCC_C_LANGUAGE_STANDARD = gnu11;
				GCC_DYNAMIC_NO_PIC = NO;
				GCC_NO_COMMON_BLOCKS = YES;
				GCC_OPTIMIZATION_LEVEL = 0;
				GCC_PREPROCESSOR_DEFINITIONS = (
					"DEBUG=1",
					"$(inherited)",
				);
				GCC_WARN_64_TO_32_BIT_CONVERSION = YES;
				GCC_WARN_ABOUT_RETURN_TYPE = YES_ERROR;
				GCC_WARN_UNDECLARED_SELECTOR = YES;
				GCC_WARN_UNINITIALIZED_AUTOS = YES_AGGRESSIVE;
				GCC_WARN_UNUSED_FUNCTION = YES;
				GCC_WARN_UNUSED_VARIABLE = YES;
				IPHONEOS_DEPLOYMENT_TARGET = 12.1;
				MTL_ENABLE_DEBUG_INFO = INCLUDE_SOURCE;
				MTL_FAST_MATH = YES;
				ONLY_ACTIVE_ARCH = YES;
				SDKROOT = iphoneos;
				SWIFT_ACTIVE_COMPILATION_CONDITIONS = DEBUG;
				SWIFT_OPTIMIZATION_LEVEL = "-Onone";
			};
			name = Debug;
		};
		8FDCC9512232B46700026211 /* Release */ = {
			isa = XCBuildConfiguration;
			buildSettings = {
				ALWAYS_SEARCH_USER_PATHS = NO;
				CLANG_ANALYZER_NONNULL = YES;
				CLANG_ANALYZER_NUMBER_OBJECT_CONVERSION = YES_AGGRESSIVE;
				CLANG_CXX_LANGUAGE_STANDARD = "gnu++14";
				CLANG_CXX_LIBRARY = "libc++";
				CLANG_ENABLE_MODULES = YES;
				CLANG_ENABLE_OBJC_ARC = YES;
				CLANG_ENABLE_OBJC_WEAK = YES;
				CLANG_WARN_BLOCK_CAPTURE_AUTORELEASING = YES;
				CLANG_WARN_BOOL_CONVERSION = YES;
				CLANG_WARN_COMMA = YES;
				CLANG_WARN_CONSTANT_CONVERSION = YES;
				CLANG_WARN_DEPRECATED_OBJC_IMPLEMENTATIONS = YES;
				CLANG_WARN_DIRECT_OBJC_ISA_USAGE = YES_ERROR;
				CLANG_WARN_DOCUMENTATION_COMMENTS = YES;
				CLANG_WARN_EMPTY_BODY = YES;
				CLANG_WARN_ENUM_CONVERSION = YES;
				CLANG_WARN_INFINITE_RECURSION = YES;
				CLANG_WARN_INT_CONVERSION = YES;
				CLANG_WARN_NON_LITERAL_NULL_CONVERSION = YES;
				CLANG_WARN_OBJC_IMPLICIT_RETAIN_SELF = YES;
				CLANG_WARN_OBJC_LITERAL_CONVERSION = YES;
				CLANG_WARN_OBJC_ROOT_CLASS = YES_ERROR;
				CLANG_WARN_RANGE_LOOP_ANALYSIS = YES;
				CLANG_WARN_STRICT_PROTOTYPES = YES;
				CLANG_WARN_SUSPICIOUS_MOVE = YES;
				CLANG_WARN_UNGUARDED_AVAILABILITY = YES_AGGRESSIVE;
				CLANG_WARN_UNREACHABLE_CODE = YES;
				CLANG_WARN__DUPLICATE_METHOD_MATCH = YES;
				CODE_SIGN_IDENTITY = "iPhone Developer";
				COPY_PHASE_STRIP = NO;
				DEBUG_INFORMATION_FORMAT = "dwarf-with-dsym";
				ENABLE_NS_ASSERTIONS = NO;
				ENABLE_STRICT_OBJC_MSGSEND = YES;
				GCC_C_LANGUAGE_STANDARD = gnu11;
				GCC_NO_COMMON_BLOCKS = YES;
				GCC_WARN_64_TO_32_BIT_CONVERSION = YES;
				GCC_WARN_ABOUT_RETURN_TYPE = YES_ERROR;
				GCC_WARN_UNDECLARED_SELECTOR = YES;
				GCC_WARN_UNINITIALIZED_AUTOS = YES_AGGRESSIVE;
				GCC_WARN_UNUSED_FUNCTION = YES;
				GCC_WARN_UNUSED_VARIABLE = YES;
				IPHONEOS_DEPLOYMENT_TARGET = 12.1;
				MTL_ENABLE_DEBUG_INFO = NO;
				MTL_FAST_MATH = YES;
				SDKROOT = iphoneos;
				SWIFT_COMPILATION_MODE = wholemodule;
				SWIFT_OPTIMIZATION_LEVEL = "-O";
				VALIDATE_PRODUCT = YES;
			};
			name = Release;
		};
		8FDCC9532232B46700026211 /* Debug */ = {
			isa = XCBuildConfiguration;
			buildSettings = {
				ASSETCATALOG_COMPILER_APPICON_NAME = AppIcon;
				CODE_SIGN_STYLE = Automatic;
				DEVELOPMENT_TEAM = W54V2VB863;
				INFOPLIST_FILE = ZJTimerDemo/Info.plist;
				LD_RUNPATH_SEARCH_PATHS = (
					"$(inherited)",
					"@executable_path/Frameworks",
				);
				PRODUCT_BUNDLE_IDENTIFIER = com.gomertech.ZJTimerDemo;
				PRODUCT_NAME = "$(TARGET_NAME)";
				SWIFT_VERSION = 4.2;
				TARGETED_DEVICE_FAMILY = "1,2";
			};
			name = Debug;
		};
		8FDCC9542232B46700026211 /* Release */ = {
			isa = XCBuildConfiguration;
			buildSettings = {
				ASSETCATALOG_COMPILER_APPICON_NAME = AppIcon;
				CODE_SIGN_STYLE = Automatic;
				DEVELOPMENT_TEAM = W54V2VB863;
				INFOPLIST_FILE = ZJTimerDemo/Info.plist;
				LD_RUNPATH_SEARCH_PATHS = (
					"$(inherited)",
					"@executable_path/Frameworks",
				);
				PRODUCT_BUNDLE_IDENTIFIER = com.gomertech.ZJTimerDemo;
				PRODUCT_NAME = "$(TARGET_NAME)";
				SWIFT_VERSION = 4.2;
				TARGETED_DEVICE_FAMILY = "1,2";
			};
			name = Release;
		};
/* End XCBuildConfiguration section */

/* Begin XCConfigurationList section */
		8FDCC93B2232B46600026211 /* Build configuration list for PBXProject "ZJTimerDemo" */ = {
			isa = XCConfigurationList;
			buildConfigurations = (
				8FDCC9502232B46700026211 /* Debug */,
				8FDCC9512232B46700026211 /* Release */,
			);
			defaultConfigurationIsVisible = 0;
			defaultConfigurationName = Release;
		};
		8FDCC9522232B46700026211 /* Build configuration list for PBXNativeTarget "ZJTimerDemo" */ = {
			isa = XCConfigurationList;
			buildConfigurations = (
				8FDCC9532232B46700026211 /* Debug */,
				8FDCC9542232B46700026211 /* Release */,
			);
			defaultConfigurationIsVisible = 0;
			defaultConfigurationName = Release;
		};
/* End XCConfigurationList section */
	};
	rootObject = 8FDCC9382232B46600026211 /* Project object */;
}
